
Microsoft Visual Studio Solution File, Format Version 12.00
# Visual Studio Version 17
VisualStudioVersion = 17.2.32630.192
MinimumVisualStudioVersion = 10.0.40219.1
Project("{8BC9CEB8-8B4A-11D0-8D11-00A0C91BC942}") = "SandBox", "SandBox\SandBox.vcxproj", "{99584AE5-3580-4BC4-89BB-41B2E5C9FEE9}"
EndProject
Project("{8BC9CEB8-8B4A-11D0-8D11-00A0C91BC942}") = "GameEngine", "GameEngine\GameEngine.vcxproj", "{368CDE29-FB2D-4543-AC16-F5D63B32DAF7}"
EndProject
Global
	GlobalSection(SolutionConfigurationPlatforms) = preSolution
		Debug|x64 = Debug|x64
		Debug|x86 = Debug|x86
		Release|x64 = Release|x64
		Release|x86 = Release|x86
	EndGlobalSection
	GlobalSection(ProjectConfigurationPlatforms) = postSolution
		{99584AE5-3580-4BC4-89BB-41B2E5C9FEE9}.Debug|x64.ActiveCfg = Debug|x64
		{99584AE5-3580-4BC4-89BB-41B2E5C9FEE9}.Debug|x64.Build.0 = Debug|x64
		{99584AE5-3580-4BC4-89BB-41B2E5C9FEE9}.Debug|x86.ActiveCfg = Debug|Win32
		{99584AE5-3580-4BC4-89BB-41B2E5C9FEE9}.Debug|x86.Build.0 = Debug|Win32
		{99584AE5-3580-4BC4-89BB-41B2E5C9FEE9}.Release|x64.ActiveCfg = Release|x64
		{99584AE5-3580-4BC4-89BB-41B2E5C9FEE9}.Release|x64.Build.0 = Release|x64
		{99584AE5-3580-4BC4-89BB-41B2E5C9FEE9}.Release|x86.ActiveCfg = Release|Win32
		{99584AE5-3580-4BC4-89BB-41B2E5C9FEE9}.Release|x86.Build.0 = Release|Win32
		{368CDE29-FB2D-4543-AC16-F5D63B32DAF7}.Debug|x64.ActiveCfg = Debug|x64
		{368CDE29-FB2D-4543-AC16-F5D63B32DAF7}.Debug|x64.Build.0 = Debug|x64
		{368CDE29-FB2D-4543-AC16-F5D63B32DAF7}.Debug|x86.ActiveCfg = Debug|Win32
		{368CDE29-FB2D-4543-AC16-F5D63B32DAF7}.Debug|x86.Build.0 = Debug|Win32
		{368CDE29-FB2D-4543-AC16-F5D63B32DAF7}.Release|x64.ActiveCfg = Release|x64
		{368CDE29-FB2D-4543-AC16-F5D63B32DAF7}.Release|x64.Build.0 = Release|x64
		{368CDE29-FB2D-4543-AC16-F5D63B32DAF7}.Release|x86.ActiveCfg = Release|Win32
		{368CDE29-FB2D-4543-AC16-F5D63B32DAF7}.Release|x86.Build.0 = Release|Win32
	EndGlobalSection
	GlobalSection(SolutionProperties) = preSolution
		HideSolutionNode = FALSE
	EndGlobalSection
	GlobalSection(ExtensibilityGlobals) = postSolution
		SolutionGuid = {705EFCAA-90AE-4DA7-893C-5515210C89A6}
	EndGlobalSection
EndGlobal
